
Microsoft Visual Studio Solution File, Format Version 12.00
# Visual Studio Version 17
VisualStudioVersion = 17.4.33205.214
MinimumVisualStudioVersion = 10.0.40219.1
Project("{FAE04EC0-301F-11D3-BF4B-00C04F79EFBC}") = "Task3.1", "Task3.1\Task3.1.csproj", "{7860E6F2-C406-4F4B-951C-6F927623CEA9}"
EndProject
Global
	GlobalSection(SolutionConfigurationPlatforms) = preSolution
		Debug|Any CPU = Debug|Any CPU
		Release|Any CPU = Release|Any CPU
	EndGlobalSection
	GlobalSection(ProjectConfigurationPlatforms) = postSolution
		{7860E6F2-C406-4F4B-951C-6F927623CEA9}.Debug|Any CPU.ActiveCfg = Debug|Any CPU
		{7860E6F2-C406-4F4B-951C-6F927623CEA9}.Debug|Any CPU.Build.0 = Debug|Any CPU
		{7860E6F2-C406-4F4B-951C-6F927623CEA9}.Release|Any CPU.ActiveCfg = Release|Any CPU
		{7860E6F2-C406-4F4B-951C-6F927623CEA9}.Release|Any CPU.Build.0 = Release|Any CPU
	EndGlobalSection
	GlobalSection(SolutionProperties) = preSolution
		HideSolutionNode = FALSE
	EndGlobalSection
	GlobalSection(ExtensibilityGlobals) = postSolution
		SolutionGuid = {A7872561-1C86-4562-95DF-DF74493E6E45}
	EndGlobalSection
EndGlobal
